
Microsoft Visual Studio Solution File, Format Version 12.00
# Visual Studio 15
VisualStudioVersion = 15.0.26228.4
MinimumVisualStudioVersion = 10.0.40219.1
Project("{9A19103F-16F7-4668-BE54-9A1E7A4F7556}") = "MealPlanner.Data", "MealPlanner.Data\MealPlanner.Data.csproj", "{76DE16FB-8A9E-4FD9-B0AB-CCB40F6A26BA}"
EndProject
Project("{9A19103F-16F7-4668-BE54-9A1E7A4F7556}") = "MealPlanner.Web", "MealPlanner.Web\MealPlanner.Web.csproj", "{08F33353-30FB-48C6-A1FE-61F68091BA36}"
EndProject
Project("{9A19103F-16F7-4668-BE54-9A1E7A4F7556}") = "MealPlanner.Tests", "MealPlanner.Tests\MealPlanner.Tests.csproj", "{8B48B781-E274-46B9-A818-31BC1123C7A3}"
EndProject
Global
	GlobalSection(SolutionConfigurationPlatforms) = preSolution
		Debug|Any CPU = Debug|Any CPU
		Release|Any CPU = Release|Any CPU
	EndGlobalSection
	GlobalSection(ProjectConfigurationPlatforms) = postSolution
		{76DE16FB-8A9E-4FD9-B0AB-CCB40F6A26BA}.Debug|Any CPU.ActiveCfg = Debug|Any CPU
		{76DE16FB-8A9E-4FD9-B0AB-CCB40F6A26BA}.Debug|Any CPU.Build.0 = Debug|Any CPU
		{76DE16FB-8A9E-4FD9-B0AB-CCB40F6A26BA}.Release|Any CPU.ActiveCfg = Release|Any CPU
		{76DE16FB-8A9E-4FD9-B0AB-CCB40F6A26BA}.Release|Any CPU.Build.0 = Release|Any CPU
		{08F33353-30FB-48C6-A1FE-61F68091BA36}.Debug|Any CPU.ActiveCfg = Debug|Any CPU
		{08F33353-30FB-48C6-A1FE-61F68091BA36}.Debug|Any CPU.Build.0 = Debug|Any CPU
		{08F33353-30FB-48C6-A1FE-61F68091BA36}.Release|Any CPU.ActiveCfg = Release|Any CPU
		{08F33353-30FB-48C6-A1FE-61F68091BA36}.Release|Any CPU.Build.0 = Release|Any CPU
		{8B48B781-E274-46B9-A818-31BC1123C7A3}.Debug|Any CPU.ActiveCfg = Debug|Any CPU
		{8B48B781-E274-46B9-A818-31BC1123C7A3}.Debug|Any CPU.Build.0 = Debug|Any CPU
		{8B48B781-E274-46B9-A818-31BC1123C7A3}.Release|Any CPU.ActiveCfg = Release|Any CPU
		{8B48B781-E274-46B9-A818-31BC1123C7A3}.Release|Any CPU.Build.0 = Release|Any CPU
	EndGlobalSection
	GlobalSection(SolutionProperties) = preSolution
		HideSolutionNode = FALSE
	EndGlobalSection
	GlobalSection(ExtensibilityGlobals) = postSolution
		SolutionGuid = {CA3EF64E-26E7-4984-BA3C-DCA7526C659A}
	EndGlobalSection
EndGlobal
